[[package]]
name = "atomicwrites"
version = "1.4.0"
description = "Atomic file writes."
category = "dev"
optional = false
python-versions = ">=2.7, !=3.0.*, !=3.1.*, !=3.2.*, !=3.3.*"

[[package]]
name = "attrs"
version = "21.4.0"
description = "Classes Without Boilerplate"
category = "dev"
optional = false
python-versions = ">=2.7, !=3.0.*, !=3.1.*, !=3.2.*, !=3.3.*, !=3.4.*"

[package.extras]
dev = ["coverage[toml] (>=5.0.2)", "hypothesis", "pympler", "pytest (>=4.3.0)", "six", "mypy", "pytest-mypy-plugins", "zope.interface", "furo", "sphinx", "sphinx-notfound-page", "pre-commit", "cloudpickle"]
docs = ["furo", "sphinx", "zope.interface", "sphinx-notfound-page"]
tests = ["coverage[toml] (>=5.0.2)", "hypothesis", "pympler", "pytest (>=4.3.0)", "six", "mypy", "pytest-mypy-plugins", "zope.interface", "cloudpickle"]
tests_no_zope = ["coverage[toml] (>=5.0.2)", "hypothesis", "pympler", "pytest (>=4.3.0)", "six", "mypy", "pytest-mypy-plugins", "cloudpickle"]

[[package]]
name = "click"
version = "8.1.3"
description = "Composable command line interface toolkit"
category = "main"
optional = false
python-versions = ">=3.7"

[package.dependencies]
colorama = {version = "*", markers = "platform_system == \"Windows\""}

[[package]]
name = "colorama"
version = "0.4.4"
description = "Cross-platform colored terminal text."
category = "main"
optional = false
python-versions = ">=2.7, !=3.0.*, !=3.1.*, !=3.2.*, !=3.3.*, !=3.4.*"

[[package]]
name = "coverage"
version = "6.3.2"
description = "Code coverage measurement for Python"
category = "dev"
optional = false
python-versions = ">=3.7"

[package.extras]
toml = ["tomli"]

[[package]]
name = "dendropy"
version = "4.5.2"
description = "A Python library for phylogenetics and phylogenetic computing: reading, writing, simulation, processing and manipulation of phylogenetic trees (phylogenies) and characters."
category = "main"
optional = false
python-versions = "*"

[[package]]
name = "hypothesis"
version = "6.37.2"
description = "A library for property-based testing"
category = "dev"
optional = false
python-versions = ">=3.7"

[package.dependencies]
attrs = ">=19.2.0"
sortedcontainers = ">=2.1.0,<3.0.0"

[package.extras]
all = ["black (>=19.10b0)", "click (>=7.0)", "django (>=2.2)", "dpcontracts (>=0.4)", "lark-parser (>=0.6.5)", "libcst (>=0.3.16)", "numpy (>=1.9.0)", "pandas (>=0.25)", "pytest (>=4.6)", "python-dateutil (>=1.4)", "pytz (>=2014.1)", "redis (>=3.0.0)", "rich (>=9.0.0)", "importlib-metadata (>=3.6)", "backports.zoneinfo (>=0.2.1)", "tzdata (>=2021.5)"]
cli = ["click (>=7.0)", "black (>=19.10b0)", "rich (>=9.0.0)"]
codemods = ["libcst (>=0.3.16)"]
dateutil = ["python-dateutil (>=1.4)"]
django = ["django (>=2.2)"]
dpcontracts = ["dpcontracts (>=0.4)"]
ghostwriter = ["black (>=19.10b0)"]
lark = ["lark-parser (>=0.6.5)"]
numpy = ["numpy (>=1.9.0)"]
pandas = ["pandas (>=0.25)"]
pytest = ["pytest (>=4.6)"]
pytz = ["pytz (>=2014.1)"]
redis = ["redis (>=3.0.0)"]
zoneinfo = ["backports.zoneinfo (>=0.2.1)", "tzdata (>=2021.5)"]

[[package]]
name = "iniconfig"
version = "1.1.1"
description = "iniconfig: brain-dead simple config-ini parsing"
category = "dev"
optional = false
python-versions = "*"

[[package]]
name = "mock"
version = "4.0.3"
description = "Rolling backport of unittest.mock for all Pythons"
category = "dev"
optional = false
python-versions = ">=3.6"

[package.extras]
build = ["twine", "wheel", "blurb"]
docs = ["sphinx"]
test = ["pytest (<5.4)", "pytest-cov"]

[[package]]
name = "numpy"
version = "1.23.1"
description = "NumPy is the fundamental package for array computing with Python."
category = "main"
optional = false
python-versions = ">=3.8"

[[package]]
name = "packaging"
version = "21.3"
description = "Core utilities for Python packages"
category = "dev"
optional = false
python-versions = ">=3.6"

[package.dependencies]
pyparsing = ">=2.0.2,<3.0.5 || >3.0.5"

[[package]]
name = "pluggy"
version = "1.0.0"
description = "plugin and hook calling mechanisms for python"
category = "dev"
optional = false
python-versions = ">=3.6"

[package.extras]
testing = ["pytest-benchmark", "pytest"]
dev = ["tox", "pre-commit"]

[[package]]
name = "portion"
version = "2.2.0"
description = "Python data structure and operations for intervals"
category = "main"
optional = false
python-versions = "~= 3.6"

[package.dependencies]
sortedcontainers = ">=2.2,<3.0"

[package.extras]
test = ["black (>=21.8b)", "coverage (>=5.0.3,<5.1.0)", "pytest (>=5.0,<6.0)"]

[[package]]
name = "py"
version = "1.11.0"
description = "library with cross-python path, ini-parsing, io, code, log facilities"
category = "dev"
optional = false
python-versions = ">=2.7, !=3.0.*, !=3.1.*, !=3.2.*, !=3.3.*, !=3.4.*"

[[package]]
name = "py-cpuinfo"
version = "8.0.0"
description = "Get CPU info with pure Python 2 & 3"
category = "dev"
optional = false
python-versions = "*"

[[package]]
name = "pyparsing"
version = "3.0.7"
description = "Python parsing module"
category = "dev"
optional = false
python-versions = ">=3.6"

[package.extras]
diagrams = ["jinja2", "railroad-diagrams"]

[[package]]
name = "pytest"
version = "6.2.5"
description = "pytest: simple powerful testing with Python"
category = "dev"
optional = false
python-versions = ">=3.6"

[package.dependencies]
atomicwrites = {version = ">=1.0", markers = "sys_platform == \"win32\""}
attrs = ">=19.2.0"
colorama = {version = "*", markers = "sys_platform == \"win32\""}
iniconfig = "*"
packaging = "*"
pluggy = ">=0.12,<2.0"
py = ">=1.8.2"
toml = "*"

[package.extras]
testing = ["argcomplete", "hypothesis (>=3.56)", "mock", "nose", "requests", "xmlschema"]

[[package]]
name = "pytest-benchmark"
version = "3.4.1"
description = "A ``pytest`` fixture for benchmarking code. It will group the tests into rounds that are calibrated to the chosen timer."
category = "dev"
optional = false
python-versions = ">=2.7, !=3.0.*, !=3.1.*, !=3.2.*, !=3.3.*, !=3.4.*"

[package.dependencies]
py-cpuinfo = "*"
pytest = ">=3.8"

[package.extras]
aspect = ["aspectlib"]
elasticsearch = ["elasticsearch"]
histogram = ["pygal", "pygaljs"]

[[package]]
name = "pytest-console-scripts"
version = "1.2.2"
description = "Pytest plugin for testing console scripts"
category = "dev"
optional = false
python-versions = "*"

[package.dependencies]
mock = ">=2.0.0"
pytest = ">=4.0.0"

[[package]]
name = "pytest-cov"
version = "2.12.1"
description = "Pytest plugin for measuring coverage."
category = "dev"
optional = false
python-versions = ">=2.7, !=3.0.*, !=3.1.*, !=3.2.*, !=3.3.*, !=3.4.*"

[package.dependencies]
coverage = ">=5.2.1"
pytest = ">=4.6"
toml = "*"

[package.extras]
testing = ["fields", "hunter", "process-tests", "six", "pytest-xdist", "virtualenv"]

[[package]]
name = "scipy"
version = "1.9.0"
description = "SciPy: Scientific Library for Python"
category = "main"
optional = false
python-versions = ">=3.8,<3.12"

[package.dependencies]
numpy = ">=1.18.5,<1.25.0"

[[package]]
name = "sortedcontainers"
version = "2.4.0"
description = "Sorted Containers -- Sorted List, Sorted Dict, Sorted Set"
category = "main"
optional = false
python-versions = "*"

[[package]]
name = "toml"
version = "0.10.2"
description = "Python Library for Tom's Obvious, Minimal Language"
category = "main"
optional = false
python-versions = ">=2.6, !=3.0.*, !=3.1.*, !=3.2.*"

[metadata]
lock-version = "1.1"
python-versions = ">= 3.8, < 3.11"
content-hash = "79634b2572658a95531ad426fae4e451599c48833f65ecf0a3dadf252a474b58"

[metadata.files]
atomicwrites = [
    {file = "atomicwrites-1.4.0-py2.py3-none-any.whl", hash = "sha256:6d1784dea7c0c8d4a5172b6c620f40b6e4cbfdf96d783691f2e1302a7b88e197"},
    {file = "atomicwrites-1.4.0.tar.gz", hash = "sha256:ae70396ad1a434f9c7046fd2dd196fc04b12f9e91ffb859164193be8b6168a7a"},
]
attrs = [
    {file = "attrs-21.4.0-py2.py3-none-any.whl", hash = "sha256:2d27e3784d7a565d36ab851fe94887c5eccd6a463168875832a1be79c82828b4"},
    {file = "attrs-21.4.0.tar.gz", hash = "sha256:626ba8234211db98e869df76230a137c4c40a12d72445c45d5f5b716f076e2fd"},
]
click = [
    {file = "click-8.1.3-py3-none-any.whl", hash = "sha256:bb4d8133cb15a609f44e8213d9b391b0809795062913b383c62be0ee95b1db48"},
    {file = "click-8.1.3.tar.gz", hash = "sha256:7682dc8afb30297001674575ea00d1814d808d6a36af415a82bd481d37ba7b8e"},
]
colorama = [
    {file = "colorama-0.4.4-py2.py3-none-any.whl", hash = "sha256:9f47eda37229f68eee03b24b9748937c7dc3868f906e8ba69fbcbdd3bc5dc3e2"},
    {file = "colorama-0.4.4.tar.gz", hash = "sha256:5941b2b48a20143d2267e95b1c2a7603ce057ee39fd88e7329b0c292aa16869b"},
]
coverage = [
    {file = "coverage-6.3.2-cp310-cp310-macosx_10_9_x86_64.whl", hash = "sha256:9b27d894748475fa858f9597c0ee1d4829f44683f3813633aaf94b19cb5453cf"},
    {file = "coverage-6.3.2-cp310-cp310-macosx_11_0_arm64.whl", hash = "sha256:37d1141ad6b2466a7b53a22e08fe76994c2d35a5b6b469590424a9953155afac"},
    {file = "coverage-6.3.2-cp310-cp310-manylinux_2_17_aarch64.manylinux2014_aarch64.whl", hash = "sha256:f9987b0354b06d4df0f4d3e0ec1ae76d7ce7cbca9a2f98c25041eb79eec766f1"},
    {file = "coverage-6.3.2-cp310-cp310-manylinux_2_5_i686.manylinux1_i686.manylinux_2_17_i686.manylinux2014_i686.whl", hash = "sha256:26e2deacd414fc2f97dd9f7676ee3eaecd299ca751412d89f40bc01557a6b1b4"},
    {file = "coverage-6.3.2-cp310-cp310-manylinux_2_5_x86_64.manylinux1_x86_64.manylinux_2_17_x86_64.manylinux2014_x86_64.whl", hash = "sha256:4dd8bafa458b5c7d061540f1ee9f18025a68e2d8471b3e858a9dad47c8d41903"},
    {file = "coverage-6.3.2-cp310-cp310-musllinux_1_1_aarch64.whl", hash = "sha256:46191097ebc381fbf89bdce207a6c107ac4ec0890d8d20f3360345ff5976155c"},
    {file = "coverage-6.3.2-cp310-cp310-musllinux_1_1_i686.whl", hash = "sha256:6f89d05e028d274ce4fa1a86887b071ae1755082ef94a6740238cd7a8178804f"},
    {file = "coverage-6.3.2-cp310-cp310-musllinux_1_1_x86_64.whl", hash = "sha256:58303469e9a272b4abdb9e302a780072c0633cdcc0165db7eec0f9e32f901e05"},
    {file = "coverage-6.3.2-cp310-cp310-win32.whl", hash = "sha256:2fea046bfb455510e05be95e879f0e768d45c10c11509e20e06d8fcaa31d9e39"},
    {file = "coverage-6.3.2-cp310-cp310-win_amd64.whl", hash = "sha256:a2a8b8bcc399edb4347a5ca8b9b87e7524c0967b335fbb08a83c8421489ddee1"},
    {file = "coverage-6.3.2-cp37-cp37m-macosx_10_9_x86_64.whl", hash = "sha256:f1555ea6d6da108e1999b2463ea1003fe03f29213e459145e70edbaf3e004aaa"},
    {file = "coverage-6.3.2-cp37-cp37m-manylinux_2_17_aarch64.manylinux2014_aarch64.whl", hash = "sha256:e5f4e1edcf57ce94e5475fe09e5afa3e3145081318e5fd1a43a6b4539a97e518"},
    {file = "coverage-6.3.2-cp37-cp37m-manylinux_2_5_i686.manylinux1_i686.manylinux_2_17_i686.manylinux2014_i686.whl", hash = "sha256:7a15dc0a14008f1da3d1ebd44bdda3e357dbabdf5a0b5034d38fcde0b5c234b7"},
    {file = "coverage-6.3.2-cp37-cp37m-manylinux_2_5_x86_64.manylinux1_x86_64.manylinux_2_17_x86_64.manylinux2014_x86_64.whl", hash = "sha256:21b7745788866028adeb1e0eca3bf1101109e2dc58456cb49d2d9b99a8c516e6"},
    {file = "coverage-6.3.2-cp37-cp37m-musllinux_1_1_aarch64.whl", hash = "sha256:8ce257cac556cb03be4a248d92ed36904a59a4a5ff55a994e92214cde15c5bad"},
    {file = "coverage-6.3.2-cp37-cp37m-musllinux_1_1_i686.whl", hash = "sha256:b0be84e5a6209858a1d3e8d1806c46214e867ce1b0fd32e4ea03f4bd8b2e3359"},
    {file = "coverage-6.3.2-cp37-cp37m-musllinux_1_1_x86_64.whl", hash = "sha256:acf53bc2cf7282ab9b8ba346746afe703474004d9e566ad164c91a7a59f188a4"},
    {file = "coverage-6.3.2-cp37-cp37m-win32.whl", hash = "sha256:8bdde1177f2311ee552f47ae6e5aa7750c0e3291ca6b75f71f7ffe1f1dab3dca"},
    {file = "coverage-6.3.2-cp37-cp37m-win_amd64.whl", hash = "sha256:b31651d018b23ec463e95cf10070d0b2c548aa950a03d0b559eaa11c7e5a6fa3"},
    {file = "coverage-6.3.2-cp38-cp38-macosx_10_9_x86_64.whl", hash = "sha256:07e6db90cd9686c767dcc593dff16c8c09f9814f5e9c51034066cad3373b914d"},
    {file = "coverage-6.3.2-cp38-cp38-macosx_11_0_arm64.whl", hash = "sha256:2c6dbb42f3ad25760010c45191e9757e7dce981cbfb90e42feef301d71540059"},
    {file = "coverage-6.3.2-cp38-cp38-manylinux_2_17_aarch64.manylinux2014_aarch64.whl", hash = "sha256:c76aeef1b95aff3905fb2ae2d96e319caca5b76fa41d3470b19d4e4a3a313512"},
    {file = "coverage-6.3.2-cp38-cp38-manylinux_2_5_i686.manylinux1_i686.manylinux_2_17_i686.manylinux2014_i686.whl", hash = "sha256:8cf5cfcb1521dc3255d845d9dca3ff204b3229401994ef8d1984b32746bb45ca"},
    {file = "coverage-6.3.2-cp38-cp38-manylinux_2_5_x86_64.manylinux1_x86_64.manylinux_2_17_x86_64.manylinux2014_x86_64.whl", hash = "sha256:8fbbdc8d55990eac1b0919ca69eb5a988a802b854488c34b8f37f3e2025fa90d"},
    {file = "coverage-6.3.2-cp38-cp38-musllinux_1_1_aarch64.whl", hash = "sha256:ec6bc7fe73a938933d4178c9b23c4e0568e43e220aef9472c4f6044bfc6dd0f0"},
    {file = "coverage-6.3.2-cp38-cp38-musllinux_1_1_i686.whl", hash = "sha256:9baff2a45ae1f17c8078452e9e5962e518eab705e50a0aa8083733ea7d45f3a6"},
    {file = "coverage-6.3.2-cp38-cp38-musllinux_1_1_x86_64.whl", hash = "sha256:fd9e830e9d8d89b20ab1e5af09b32d33e1a08ef4c4e14411e559556fd788e6b2"},
    {file = "coverage-6.3.2-cp38-cp38-win32.whl", hash = "sha256:f7331dbf301b7289013175087636bbaf5b2405e57259dd2c42fdcc9fcc47325e"},
    {file = "coverage-6.3.2-cp38-cp38-win_amd64.whl", hash = "sha256:68353fe7cdf91f109fc7d474461b46e7f1f14e533e911a2a2cbb8b0fc8613cf1"},
    {file = "coverage-6.3.2-cp39-cp39-macosx_10_9_x86_64.whl", hash = "sha256:b78e5afb39941572209f71866aa0b206c12f0109835aa0d601e41552f9b3e620"},
    {file = "coverage-6.3.2-cp39-cp39-macosx_11_0_arm64.whl", hash = "sha256:4e21876082ed887baed0146fe222f861b5815455ada3b33b890f4105d806128d"},
    {file = "coverage-6.3.2-cp39-cp39-manylinux_2_17_aarch64.manylinux2014_aarch64.whl", hash = "sha256:34626a7eee2a3da12af0507780bb51eb52dca0e1751fd1471d0810539cefb536"},
    {file = "coverage-6.3.2-cp39-cp39-manylinux_2_5_i686.manylinux1_i686.manylinux_2_17_i686.manylinux2014_i686.whl", hash = "sha256:1ebf730d2381158ecf3dfd4453fbca0613e16eaa547b4170e2450c9707665ce7"},
    {file = "coverage-6.3.2-cp39-cp39-manylinux_2_5_x86_64.manylinux1_x86_64.manylinux_2_17_x86_64.manylinux2014_x86_64.whl", hash = "sha256:dd6fe30bd519694b356cbfcaca9bd5c1737cddd20778c6a581ae20dc8c04def2"},
    {file = "coverage-6.3.2-cp39-cp39-musllinux_1_1_aarch64.whl", hash = "sha256:96f8a1cb43ca1422f36492bebe63312d396491a9165ed3b9231e778d43a7fca4"},
    {file = "coverage-6.3.2-cp39-cp39-musllinux_1_1_i686.whl", hash = "sha256:dd035edafefee4d573140a76fdc785dc38829fe5a455c4bb12bac8c20cfc3d69"},
    {file = "coverage-6.3.2-cp39-cp39-musllinux_1_1_x86_64.whl", hash = "sha256:5ca5aeb4344b30d0bec47481536b8ba1181d50dbe783b0e4ad03c95dc1296684"},
    {file = "coverage-6.3.2-cp39-cp39-win32.whl", hash = "sha256:f5fa5803f47e095d7ad8443d28b01d48c0359484fec1b9d8606d0e3282084bc4"},
    {file = "coverage-6.3.2-cp39-cp39-win_amd64.whl", hash = "sha256:9548f10d8be799551eb3a9c74bbf2b4934ddb330e08a73320123c07f95cc2d92"},
    {file = "coverage-6.3.2-pp36.pp37.pp38-none-any.whl", hash = "sha256:18d520c6860515a771708937d2f78f63cc47ab3b80cb78e86573b0a760161faf"},
    {file = "coverage-6.3.2.tar.gz", hash = "sha256:03e2a7826086b91ef345ff18742ee9fc47a6839ccd517061ef8fa1976e652ce9"},
]
dendropy = [
    {file = "DendroPy-4.5.2.tar.gz", hash = "sha256:3e5d2522170058ebc8d1ee63a7f2d25b915e34957dc02693ebfdc15f347a0101"},
]
hypothesis = [
    {file = "hypothesis-6.37.2-py3-none-any.whl", hash = "sha256:1c1777ccd3074fcca768d7594a284a41501c99843089d37e3235d38319e3f217"},
    {file = "hypothesis-6.37.2.tar.gz", hash = "sha256:79321035b9174ffa506d724ca5e8af375d7bf532c80e4f602bd433792c527e6c"},
]
iniconfig = [
    {file = "iniconfig-1.1.1-py2.py3-none-any.whl", hash = "sha256:011e24c64b7f47f6ebd835bb12a743f2fbe9a26d4cecaa7f53bc4f35ee9da8b3"},
    {file = "iniconfig-1.1.1.tar.gz", hash = "sha256:bc3af051d7d14b2ee5ef9969666def0cd1a000e121eaea580d4a313df4b37f32"},
]
mock = [
    {file = "mock-4.0.3-py3-none-any.whl", hash = "sha256:122fcb64ee37cfad5b3f48d7a7d51875d7031aaf3d8be7c42e2bee25044eee62"},
    {file = "mock-4.0.3.tar.gz", hash = "sha256:7d3fbbde18228f4ff2f1f119a45cdffa458b4c0dee32eb4d2bb2f82554bac7bc"},
]
numpy = [
    {file = "numpy-1.23.1-cp310-cp310-macosx_10_9_x86_64.whl", hash = "sha256:b15c3f1ed08df4980e02cc79ee058b788a3d0bef2fb3c9ca90bb8cbd5b8a3a04"},
    {file = "numpy-1.23.1-cp310-cp310-macosx_11_0_arm64.whl", hash = "sha256:9ce242162015b7e88092dccd0e854548c0926b75c7924a3495e02c6067aba1f5"},
    {file = "numpy-1.23.1-cp310-cp310-manylinux_2_17_aarch64.manylinux2014_aarch64.whl", hash = "sha256:e0d7447679ae9a7124385ccf0ea990bb85bb869cef217e2ea6c844b6a6855073"},
    {file = "numpy-1.23.1-cp310-cp310-manylinux_2_17_x86_64.manylinux2014_x86_64.whl", hash = "sha256:3119daed207e9410eaf57dcf9591fdc68045f60483d94956bee0bfdcba790953"},
    {file = "numpy-1.23.1-cp310-cp310-win32.whl", hash = "sha256:3ab67966c8d45d55a2bdf40701536af6443763907086c0a6d1232688e27e5447"},
    {file = "numpy-1.23.1-cp310-cp310-win_amd64.whl", hash = "sha256:1865fdf51446839ca3fffaab172461f2b781163f6f395f1aed256b1ddc253622"},
    {file = "numpy-1.23.1-cp38-cp38-macosx_10_9_x86_64.whl", hash = "sha256:aeba539285dcf0a1ba755945865ec61240ede5432df41d6e29fab305f4384db2"},
    {file = "numpy-1.23.1-cp38-cp38-macosx_11_0_arm64.whl", hash = "sha256:7e8229f3687cdadba2c4faef39204feb51ef7c1a9b669247d49a24f3e2e1617c"},
    {file = "numpy-1.23.1-cp38-cp38-manylinux_2_17_aarch64.manylinux2014_aarch64.whl", hash = "sha256:68b69f52e6545af010b76516f5daaef6173e73353e3295c5cb9f96c35d755641"},
    {file = "numpy-1.23.1-cp38-cp38-manylinux_2_17_x86_64.manylinux2014_x86_64.whl", hash = "sha256:1408c3527a74a0209c781ac82bde2182b0f0bf54dea6e6a363fe0cc4488a7ce7"},
    {file = "numpy-1.23.1-cp38-cp38-win32.whl", hash = "sha256:47f10ab202fe4d8495ff484b5561c65dd59177949ca07975663f4494f7269e3e"},
    {file = "numpy-1.23.1-cp38-cp38-win_amd64.whl", hash = "sha256:37e5ebebb0eb54c5b4a9b04e6f3018e16b8ef257d26c8945925ba8105008e645"},
    {file = "numpy-1.23.1-cp39-cp39-macosx_10_9_x86_64.whl", hash = "sha256:173f28921b15d341afadf6c3898a34f20a0569e4ad5435297ba262ee8941e77b"},
    {file = "numpy-1.23.1-cp39-cp39-macosx_11_0_arm64.whl", hash = "sha256:876f60de09734fbcb4e27a97c9a286b51284df1326b1ac5f1bf0ad3678236b22"},
    {file = "numpy-1.23.1-cp39-cp39-manylinux_2_17_aarch64.manylinux2014_aarch64.whl", hash = "sha256:35590b9c33c0f1c9732b3231bb6a72d1e4f77872390c47d50a615686ae7ed3fd"},
    {file = "numpy-1.23.1-cp39-cp39-manylinux_2_17_x86_64.manylinux2014_x86_64.whl", hash = "sha256:a35c4e64dfca659fe4d0f1421fc0f05b8ed1ca8c46fb73d9e5a7f175f85696bb"},
    {file = "numpy-1.23.1-cp39-cp39-win32.whl", hash = "sha256:c2f91f88230042a130ceb1b496932aa717dcbd665350beb821534c5c7e15881c"},
    {file = "numpy-1.23.1-cp39-cp39-win_amd64.whl", hash = "sha256:37ece2bd095e9781a7156852e43d18044fd0d742934833335599c583618181b9"},
    {file = "numpy-1.23.1-pp38-pypy38_pp73-macosx_10_9_x86_64.whl", hash = "sha256:8002574a6b46ac3b5739a003b5233376aeac5163e5dcd43dd7ad062f3e186129"},
    {file = "numpy-1.23.1-pp38-pypy38_pp73-manylinux_2_17_x86_64.manylinux2014_x86_64.whl", hash = "sha256:5d732d17b8a9061540a10fda5bfeabca5785700ab5469a5e9b93aca5e2d3a5fb"},
    {file = "numpy-1.23.1-pp38-pypy38_pp73-win_amd64.whl", hash = "sha256:55df0f7483b822855af67e38fb3a526e787adf189383b4934305565d71c4b148"},
    {file = "numpy-1.23.1.tar.gz", hash = "sha256:d748ef349bfef2e1194b59da37ed5a29c19ea8d7e6342019921ba2ba4fd8b624"},
]
packaging = [
    {file = "packaging-21.3-py3-none-any.whl", hash = "sha256:ef103e05f519cdc783ae24ea4e2e0f508a9c99b2d4969652eed6a2e1ea5bd522"},
    {file = "packaging-21.3.tar.gz", hash = "sha256:dd47c42927d89ab911e606518907cc2d3a1f38bbd026385970643f9c5b8ecfeb"},
]
pluggy = [
    {file = "pluggy-1.0.0-py2.py3-none-any.whl", hash = "sha256:74134bbf457f031a36d68416e1509f34bd5ccc019f0bcc952c7b909d06b37bd3"},
    {file = "pluggy-1.0.0.tar.gz", hash = "sha256:4224373bacce55f955a878bf9cfa763c1e360858e330072059e10bad68531159"},
]
portion = [
    {file = "portion-2.2.0-py3-none-any.whl", hash = "sha256:73bd40b78ab5f0aa48a6651733e469dc2c000f597fe60fba2b4dde7207401fee"},
    {file = "portion-2.2.0.tar.gz", hash = "sha256:b6bfb08a7834787aca076da1200b735d97beef61b60a462b05213e7354a099cf"},
]
py = [
    {file = "py-1.11.0-py2.py3-none-any.whl", hash = "sha256:607c53218732647dff4acdfcd50cb62615cedf612e72d1724fb1a0cc6405b378"},
    {file = "py-1.11.0.tar.gz", hash = "sha256:51c75c4126074b472f746a24399ad32f6053d1b34b68d2fa41e558e6f4a98719"},
]
py-cpuinfo = [
    {file = "py-cpuinfo-8.0.0.tar.gz", hash = "sha256:5f269be0e08e33fd959de96b34cd4aeeeacac014dd8305f70eb28d06de2345c5"},
]
pyparsing = [
    {file = "pyparsing-3.0.7-py3-none-any.whl", hash = "sha256:a6c06a88f252e6c322f65faf8f418b16213b51bdfaece0524c1c1bc30c63c484"},
    {file = "pyparsing-3.0.7.tar.gz", hash = "sha256:18ee9022775d270c55187733956460083db60b37d0d0fb357445f3094eed3eea"},
]
pytest = [
    {file = "pytest-6.2.5-py3-none-any.whl", hash = "sha256:7310f8d27bc79ced999e760ca304d69f6ba6c6649c0b60fb0e04a4a77cacc134"},
    {file = "pytest-6.2.5.tar.gz", hash = "sha256:131b36680866a76e6781d13f101efb86cf674ebb9762eb70d3082b6f29889e89"},
]
pytest-benchmark = [
    {file = "pytest-benchmark-3.4.1.tar.gz", hash = "sha256:40e263f912de5a81d891619032983557d62a3d85843f9a9f30b98baea0cd7b47"},
    {file = "pytest_benchmark-3.4.1-py2.py3-none-any.whl", hash = "sha256:36d2b08c4882f6f997fd3126a3d6dfd70f3249cde178ed8bbc0b73db7c20f809"},
]
pytest-console-scripts = [
    {file = "pytest-console-scripts-1.2.2.tar.gz", hash = "sha256:caeaaaf57f3a99e4482127e8a18467a1cfd49c92f4b37e5578d0bc40bf1b3394"},
]
pytest-cov = [
    {file = "pytest-cov-2.12.1.tar.gz", hash = "sha256:261ceeb8c227b726249b376b8526b600f38667ee314f910353fa318caa01f4d7"},
    {file = "pytest_cov-2.12.1-py2.py3-none-any.whl", hash = "sha256:261bb9e47e65bd099c89c3edf92972865210c36813f80ede5277dceb77a4a62a"},
]
scipy = [
    {file = "scipy-1.9.0-cp310-cp310-macosx_10_9_x86_64.whl", hash = "sha256:0424d1bbbfa51d5ddaa16d067fd593863c9f2fb7c6840c32f8a08a8832f8e7a4"},
    {file = "scipy-1.9.0-cp310-cp310-macosx_12_0_arm64.whl", hash = "sha256:8f2232c9d9119ec356240255a715a289b3a33be828c3e4abac11fd052ce15b1e"},
    {file = "scipy-1.9.0-cp310-cp310-macosx_12_0_universal2.macosx_10_9_x86_64.whl", hash = "sha256:e2004d2a3c397b26ca78e67c9d320153a1a9b71ae713ad33f4a3a3ab3d79cc65"},
    {file = "scipy-1.9.0-cp310-cp310-manylinux_2_17_aarch64.manylinux2014_aarch64.whl", hash = "sha256:45f0d6c0d6e55582d3b8f5c58ad4ca4259a02affb190f89f06c8cc02e21bba81"},
    {file = "scipy-1.9.0-cp310-cp310-manylinux_2_17_x86_64.manylinux2014_x86_64.whl", hash = "sha256:79dd7876614fc2869bf5d311ef33962d2066ea888bc66c80fd4fa80f8772e5a9"},
    {file = "scipy-1.9.0-cp310-cp310-win_amd64.whl", hash = "sha256:10417935486b320d98536d732a58362e3d37e84add98c251e070c59a6bfe0863"},
    {file = "scipy-1.9.0-cp38-cp38-macosx_10_9_x86_64.whl", hash = "sha256:adb6c438c6ef550e2bb83968e772b9690cb421f2c6073f9c2cb6af15ee538bc9"},
    {file = "scipy-1.9.0-cp38-cp38-macosx_12_0_arm64.whl", hash = "sha256:8d541db2d441ef87afb60c4a2addb00c3af281633602a4967e733ef4b7050504"},
    {file = "scipy-1.9.0-cp38-cp38-macosx_12_0_universal2.macosx_10_9_x86_64.whl", hash = "sha256:97a1f1e51ea30782d7baa8d0c52f72c3f9f05cb609cf1b990664231c5102bccd"},
    {file = "scipy-1.9.0-cp38-cp38-manylinux_2_12_i686.manylinux2010_i686.whl", hash = "sha256:16207622570af10f9e6a2cdc7da7a9660678852477adbcd056b6d1057a036fef"},
    {file = "scipy-1.9.0-cp38-cp38-manylinux_2_17_aarch64.manylinux2014_aarch64.whl", hash = "sha256:bb687d245b6963673c639f318eea7e875d1ba147a67925586abed3d6f39bb7d8"},
    {file = "scipy-1.9.0-cp38-cp38-manylinux_2_17_x86_64.manylinux2014_x86_64.whl", hash = "sha256:73b704c5eea9be811919cae4caacf3180dd9212d9aed08477c1d2ba14900a9de"},
    {file = "scipy-1.9.0-cp38-cp38-win32.whl", hash = "sha256:12005d30894e4fe7b247f7233ba0801a341f887b62e2eb99034dd6f2a8a33ad6"},
    {file = "scipy-1.9.0-cp38-cp38-win_amd64.whl", hash = "sha256:fc58c3fcb8a724b703ffbc126afdca5a8353d4d5945d5c92db85617e165299e7"},
    {file = "scipy-1.9.0-cp39-cp39-macosx_10_9_x86_64.whl", hash = "sha256:01c2015e132774feefe059d5354055fec6b751d7a7d70ad2cf5ce314e7426e2a"},
    {file = "scipy-1.9.0-cp39-cp39-macosx_12_0_arm64.whl", hash = "sha256:f7c3c578ff556333f3890c2df6c056955d53537bb176698359088108af73a58f"},
    {file = "scipy-1.9.0-cp39-cp39-macosx_12_0_universal2.macosx_10_9_x86_64.whl", hash = "sha256:e2ac088ea4aa61115b96b47f5f3d94b3fa29554340b6629cd2bfe6b0521ee33b"},
    {file = "scipy-1.9.0-cp39-cp39-manylinux_2_12_i686.manylinux2010_i686.whl", hash = "sha256:5d1b9cf3771fd921f7213b4b886ab2606010343bb36259b544a816044576d69e"},
    {file = "scipy-1.9.0-cp39-cp39-manylinux_2_17_aarch64.manylinux2014_aarch64.whl", hash = "sha256:d3a326673ac5afa9ef5613a61626b9ec15c8f7222b4ecd1ce0fd8fcba7b83c59"},
    {file = "scipy-1.9.0-cp39-cp39-manylinux_2_17_x86_64.manylinux2014_x86_64.whl", hash = "sha256:693b3fe2e7736ce0dbc72b4d933798eb6ca8ce51b8b934e3f547cc06f48b2afb"},
    {file = "scipy-1.9.0-cp39-cp39-win32.whl", hash = "sha256:7bad16b91918bf3288089a78a4157e04892ea6475fb7a1d9bcdf32c30c8a3dba"},
    {file = "scipy-1.9.0-cp39-cp39-win_amd64.whl", hash = "sha256:bd490f77f35800d5620f4d9af669e372d9a88db1f76ef219e1609cc4ecdd1a24"},
    {file = "scipy-1.9.0.tar.gz", hash = "sha256:c0dfd7d2429452e7e94904c6a3af63cbaa3cf51b348bd9d35b42db7e9ad42791"},
]
sortedcontainers = [
    {file = "sortedcontainers-2.4.0-py2.py3-none-any.whl", hash = "sha256:a163dcaede0f1c021485e957a39245190e74249897e2ae4b2aa38595db237ee0"},
    {file = "sortedcontainers-2.4.0.tar.gz", hash = "sha256:25caa5a06cc30b6b83d11423433f65d1f9d76c4c6a0c90e3379eaa43b9bfdb88"},
]
toml = [
    {file = "toml-0.10.2-py2.py3-none-any.whl", hash = "sha256:806143ae5bfb6a3c6e736a764057db0e6a0e05e338b5630894a5f779cabb4f9b"},
    {file = "toml-0.10.2.tar.gz", hash = "sha256:b3bda1d108d5dd99f4a20d24d9c348e91c4db7ab1b749200bded2f839ccbe68f"},
]
